
Microsoft Visual Studio Solution File, Format Version 12.00
# Visual Studio Version 16
VisualStudioVersion = 16.0.35325.158
MinimumVisualStudioVersion = 10.0.40219.1
Project("{FAE04EC0-301F-11D3-BF4B-00C04F79EFBC}") = "WebApi_Assessment_1", "WebApi_Assessment_1\WebApi_Assessment_1.csproj", "{9CDC03E0-82FF-41C5-A5B3-CD7D3680323C}"
EndProject
Global
	GlobalSection(SolutionConfigurationPlatforms) = preSolution
		Debug|Any CPU = Debug|Any CPU
		Release|Any CPU = Release|Any CPU
	EndGlobalSection
	GlobalSection(ProjectConfigurationPlatforms) = postSolution
		{9CDC03E0-82FF-41C5-A5B3-CD7D3680323C}.Debug|Any CPU.ActiveCfg = Debug|Any CPU
		{9CDC03E0-82FF-41C5-A5B3-CD7D3680323C}.Debug|Any CPU.Build.0 = Debug|Any CPU
		{9CDC03E0-82FF-41C5-A5B3-CD7D3680323C}.Release|Any CPU.ActiveCfg = Release|Any CPU
		{9CDC03E0-82FF-41C5-A5B3-CD7D3680323C}.Release|Any CPU.Build.0 = Release|Any CPU
	EndGlobalSection
	GlobalSection(SolutionProperties) = preSolution
		HideSolutionNode = FALSE
	EndGlobalSection
	GlobalSection(ExtensibilityGlobals) = postSolution
		SolutionGuid = {07207488-28F8-4792-978B-30A59E07C249}
	EndGlobalSection
EndGlobal
