
Microsoft Visual Studio Solution File, Format Version 12.00
# Visual Studio Version 16
VisualStudioVersion = 16.0.35325.158
MinimumVisualStudioVersion = 10.0.40219.1
Project("{FAE04EC0-301F-11D3-BF4B-00C04F79EFBC}") = "Ass2-program2", "Ass2-program2\Ass2-program2.csproj", "{896D2482-924F-4879-AF96-E11B1CA8F46B}"
EndProject
Global
	GlobalSection(SolutionConfigurationPlatforms) = preSolution
		Debug|Any CPU = Debug|Any CPU
		Release|Any CPU = Release|Any CPU
	EndGlobalSection
	GlobalSection(ProjectConfigurationPlatforms) = postSolution
		{896D2482-924F-4879-AF96-E11B1CA8F46B}.Debug|Any CPU.ActiveCfg = Debug|Any CPU
		{896D2482-924F-4879-AF96-E11B1CA8F46B}.Debug|Any CPU.Build.0 = Debug|Any CPU
		{896D2482-924F-4879-AF96-E11B1CA8F46B}.Release|Any CPU.ActiveCfg = Release|Any CPU
		{896D2482-924F-4879-AF96-E11B1CA8F46B}.Release|Any CPU.Build.0 = Release|Any CPU
	EndGlobalSection
	GlobalSection(SolutionProperties) = preSolution
		HideSolutionNode = FALSE
	EndGlobalSection
	GlobalSection(ExtensibilityGlobals) = postSolution
		SolutionGuid = {D2B80A48-6BF7-4830-B9B0-322EC1F9B87A}
	EndGlobalSection
EndGlobal
