
Microsoft Visual Studio Solution File, Format Version 12.00
# Visual Studio Version 16
VisualStudioVersion = 16.0.35325.158
MinimumVisualStudioVersion = 10.0.40219.1
Project("{FAE04EC0-301F-11D3-BF4B-00C04F79EFBC}") = "Sum_Average", "Sum_Average\Sum_Average.csproj", "{89A0B27B-A9EF-491C-BCF2-4D74C7F41654}"
EndProject
Global
	GlobalSection(SolutionConfigurationPlatforms) = preSolution
		Debug|Any CPU = Debug|Any CPU
		Release|Any CPU = Release|Any CPU
	EndGlobalSection
	GlobalSection(ProjectConfigurationPlatforms) = postSolution
		{89A0B27B-A9EF-491C-BCF2-4D74C7F41654}.Debug|Any CPU.ActiveCfg = Debug|Any CPU
		{89A0B27B-A9EF-491C-BCF2-4D74C7F41654}.Debug|Any CPU.Build.0 = Debug|Any CPU
		{89A0B27B-A9EF-491C-BCF2-4D74C7F41654}.Release|Any CPU.ActiveCfg = Release|Any CPU
		{89A0B27B-A9EF-491C-BCF2-4D74C7F41654}.Release|Any CPU.Build.0 = Release|Any CPU
	EndGlobalSection
	GlobalSection(SolutionProperties) = preSolution
		HideSolutionNode = FALSE
	EndGlobalSection
	GlobalSection(ExtensibilityGlobals) = postSolution
		SolutionGuid = {00BEAE3B-14BB-4FFA-A104-B0FD44872290}
	EndGlobalSection
EndGlobal
