
Microsoft Visual Studio Solution File, Format Version 12.00
# Visual Studio Version 16
VisualStudioVersion = 16.0.35325.158
MinimumVisualStudioVersion = 10.0.40219.1
Project("{FAE04EC0-301F-11D3-BF4B-00C04F79EFBC}") = "ADO_Dotnet", "ADO_Dotnet\ADO_Dotnet.csproj", "{EAA10EB9-1DE9-4921-A184-8315F0FB91C3}"
EndProject
Global
	GlobalSection(SolutionConfigurationPlatforms) = preSolution
		Debug|Any CPU = Debug|Any CPU
		Release|Any CPU = Release|Any CPU
	EndGlobalSection
	GlobalSection(ProjectConfigurationPlatforms) = postSolution
		{EAA10EB9-1DE9-4921-A184-8315F0FB91C3}.Debug|Any CPU.ActiveCfg = Debug|Any CPU
		{EAA10EB9-1DE9-4921-A184-8315F0FB91C3}.Debug|Any CPU.Build.0 = Debug|Any CPU
		{EAA10EB9-1DE9-4921-A184-8315F0FB91C3}.Release|Any CPU.ActiveCfg = Release|Any CPU
		{EAA10EB9-1DE9-4921-A184-8315F0FB91C3}.Release|Any CPU.Build.0 = Release|Any CPU
	EndGlobalSection
	GlobalSection(SolutionProperties) = preSolution
		HideSolutionNode = FALSE
	EndGlobalSection
	GlobalSection(ExtensibilityGlobals) = postSolution
		SolutionGuid = {8FFA36BF-3A4A-44F6-8F70-FE246228BF45}
	EndGlobalSection
EndGlobal
