
Microsoft Visual Studio Solution File, Format Version 12.00
# Visual Studio Version 16
VisualStudioVersion = 16.0.35325.158
MinimumVisualStudioVersion = 10.0.40219.1
Project("{FAE04EC0-301F-11D3-BF4B-00C04F79EFBC}") = "Ass2-program4", "Ass2-program4\Ass2-program4.csproj", "{621F570E-9A8C-4555-8E0C-A2894A90DC8E}"
EndProject
Global
	GlobalSection(SolutionConfigurationPlatforms) = preSolution
		Debug|Any CPU = Debug|Any CPU
		Release|Any CPU = Release|Any CPU
	EndGlobalSection
	GlobalSection(ProjectConfigurationPlatforms) = postSolution
		{621F570E-9A8C-4555-8E0C-A2894A90DC8E}.Debug|Any CPU.ActiveCfg = Debug|Any CPU
		{621F570E-9A8C-4555-8E0C-A2894A90DC8E}.Debug|Any CPU.Build.0 = Debug|Any CPU
		{621F570E-9A8C-4555-8E0C-A2894A90DC8E}.Release|Any CPU.ActiveCfg = Release|Any CPU
		{621F570E-9A8C-4555-8E0C-A2894A90DC8E}.Release|Any CPU.Build.0 = Release|Any CPU
	EndGlobalSection
	GlobalSection(SolutionProperties) = preSolution
		HideSolutionNode = FALSE
	EndGlobalSection
	GlobalSection(ExtensibilityGlobals) = postSolution
		SolutionGuid = {27FEABBE-24EA-4D45-8658-8AADB00C108D}
	EndGlobalSection
EndGlobal
