
Microsoft Visual Studio Solution File, Format Version 12.00
# Visual Studio Version 16
VisualStudioVersion = 16.0.35325.158
MinimumVisualStudioVersion = 10.0.40219.1
Project("{FAE04EC0-301F-11D3-BF4B-00C04F79EFBC}") = "Day1basic", "Day1basic\Day1basic.csproj", "{0A1754B2-E2AA-4229-B4FC-8D10BCC2A850}"
EndProject
Global
	GlobalSection(SolutionConfigurationPlatforms) = preSolution
		Debug|Any CPU = Debug|Any CPU
		Release|Any CPU = Release|Any CPU
	EndGlobalSection
	GlobalSection(ProjectConfigurationPlatforms) = postSolution
		{0A1754B2-E2AA-4229-B4FC-8D10BCC2A850}.Debug|Any CPU.ActiveCfg = Debug|Any CPU
		{0A1754B2-E2AA-4229-B4FC-8D10BCC2A850}.Debug|Any CPU.Build.0 = Debug|Any CPU
		{0A1754B2-E2AA-4229-B4FC-8D10BCC2A850}.Release|Any CPU.ActiveCfg = Release|Any CPU
		{0A1754B2-E2AA-4229-B4FC-8D10BCC2A850}.Release|Any CPU.Build.0 = Release|Any CPU
	EndGlobalSection
	GlobalSection(SolutionProperties) = preSolution
		HideSolutionNode = FALSE
	EndGlobalSection
	GlobalSection(ExtensibilityGlobals) = postSolution
		SolutionGuid = {E9FA0299-9400-4E2C-8DD0-02A8C80BE62F}
	EndGlobalSection
EndGlobal
