
Microsoft Visual Studio Solution File, Format Version 12.00
# Visual Studio Version 16
VisualStudioVersion = 16.0.35325.158
MinimumVisualStudioVersion = 10.0.40219.1
Project("{FAE04EC0-301F-11D3-BF4B-00C04F79EFBC}") = "Inheritance_Student", "Inheritance-2\Inheritance_Student.csproj", "{06896128-BFD4-4F16-A194-DCBA96696226}"
EndProject
Global
	GlobalSection(SolutionConfigurationPlatforms) = preSolution
		Debug|Any CPU = Debug|Any CPU
		Release|Any CPU = Release|Any CPU
	EndGlobalSection
	GlobalSection(ProjectConfigurationPlatforms) = postSolution
		{06896128-BFD4-4F16-A194-DCBA96696226}.Debug|Any CPU.ActiveCfg = Debug|Any CPU
		{06896128-BFD4-4F16-A194-DCBA96696226}.Debug|Any CPU.Build.0 = Debug|Any CPU
		{06896128-BFD4-4F16-A194-DCBA96696226}.Release|Any CPU.ActiveCfg = Release|Any CPU
		{06896128-BFD4-4F16-A194-DCBA96696226}.Release|Any CPU.Build.0 = Release|Any CPU
	EndGlobalSection
	GlobalSection(SolutionProperties) = preSolution
		HideSolutionNode = FALSE
	EndGlobalSection
	GlobalSection(ExtensibilityGlobals) = postSolution
		SolutionGuid = {8F5EE968-CA1C-47DC-A959-DA1C70286F4E}
	EndGlobalSection
EndGlobal
