
Microsoft Visual Studio Solution File, Format Version 12.00
# Visual Studio Version 16
VisualStudioVersion = 16.0.35325.158
MinimumVisualStudioVersion = 10.0.40219.1
Project("{FAE04EC0-301F-11D3-BF4B-00C04F79EFBC}") = "Task_2", "Task_2\Task_2.csproj", "{3B4D2390-3F90-4297-B34B-65AC2DACBB9D}"
EndProject
Global
	GlobalSection(SolutionConfigurationPlatforms) = preSolution
		Debug|Any CPU = Debug|Any CPU
		Release|Any CPU = Release|Any CPU
	EndGlobalSection
	GlobalSection(ProjectConfigurationPlatforms) = postSolution
		{3B4D2390-3F90-4297-B34B-65AC2DACBB9D}.Debug|Any CPU.ActiveCfg = Debug|Any CPU
		{3B4D2390-3F90-4297-B34B-65AC2DACBB9D}.Debug|Any CPU.Build.0 = Debug|Any CPU
		{3B4D2390-3F90-4297-B34B-65AC2DACBB9D}.Release|Any CPU.ActiveCfg = Release|Any CPU
		{3B4D2390-3F90-4297-B34B-65AC2DACBB9D}.Release|Any CPU.Build.0 = Release|Any CPU
	EndGlobalSection
	GlobalSection(SolutionProperties) = preSolution
		HideSolutionNode = FALSE
	EndGlobalSection
	GlobalSection(ExtensibilityGlobals) = postSolution
		SolutionGuid = {D141E997-EF5B-4AD7-95A2-EC7874B15A8D}
	EndGlobalSection
EndGlobal
